
Microsoft Visual Studio Solution File, Format Version 12.00
# Visual Studio Version 17
VisualStudioVersion = 17.1.32210.238
MinimumVisualStudioVersion = 10.0.40219.1
Project("{FAE04EC0-301F-11D3-BF4B-00C04F79EFBC}") = "TP2MVC", "TP2MVC\TP2MVC.csproj", "{544CDACE-75C4-4201-94D7-F470893FFC38}"
EndProject
Global
	GlobalSection(SolutionConfigurationPlatforms) = preSolution
		Debug|Any CPU = Debug|Any CPU
		Release|Any CPU = Release|Any CPU
	EndGlobalSection
	GlobalSection(ProjectConfigurationPlatforms) = postSolution
		{544CDACE-75C4-4201-94D7-F470893FFC38}.Debug|Any CPU.ActiveCfg = Debug|Any CPU
		{544CDACE-75C4-4201-94D7-F470893FFC38}.Debug|Any CPU.Build.0 = Debug|Any CPU
		{544CDACE-75C4-4201-94D7-F470893FFC38}.Release|Any CPU.ActiveCfg = Release|Any CPU
		{544CDACE-75C4-4201-94D7-F470893FFC38}.Release|Any CPU.Build.0 = Release|Any CPU
	EndGlobalSection
	GlobalSection(SolutionProperties) = preSolution
		HideSolutionNode = FALSE
	EndGlobalSection
	GlobalSection(ExtensibilityGlobals) = postSolution
		SolutionGuid = {0A7D8132-5880-49AD-906E-444068401D69}
	EndGlobalSection
EndGlobal
